// !$*UTF8*$!
{
	archiveVersion = 1;
	classes = {
	};
	objectVersion = 50;
	objects = {

/* Begin PBXFileReference section */
		53CAE804251F0E9D00E96229 /* re.html */ = {isa = PBXFileReference; lastKnownFileType = text.html; path = re.html; sourceTree = "<group>"; };
		53CAE805251F0E9D00E96229 /* lpprint.c */ = {isa = PBXFileReference; lastKnownFileType = sourcecode.c.c; path = lpprint.c; sourceTree = "<group>"; };
		53CAE806251F0E9D00E96229 /* lpeg.html */ = {isa = PBXFileReference; lastKnownFileType = text.html; path = lpeg.html; sourceTree = "<group>"; };
		53CAE807251F0E9D00E96229 /* lpvm.c */ = {isa = PBXFileReference; lastKnownFileType = sourcecode.c.c; path = lpvm.c; sourceTree = "<group>"; };
		53CAE808251F0E9D00E96229 /* lptypes.h */ = {isa = PBXFileReference; lastKnownFileType = sourcecode.c.h; path = lptypes.h; sourceTree = "<group>"; };
		53CAE809251F0E9D00E96229 /* lpcap.c */ = {isa = PBXFileReference; lastKnownFileType = sourcecode.c.c; path = lpcap.c; sourceTree = "<group>"; };
		53CAE80A251F0E9D00E96229 /* makefile */ = {isa = PBXFileReference; lastKnownFileType = sourcecode.make; path = makefile; sourceTree = "<group>"; };
		53CAE80B251F0E9D00E96229 /* re.lua */ = {isa = PBXFileReference; lastKnownFileType = text; path = re.lua; sourceTree = "<group>"; };
		53CAE80C251F0E9D00E96229 /* lptree.h */ = {isa = PBXFileReference; lastKnownFileType = sourcecode.c.h; path = lptree.h; sourceTree = "<group>"; };
		53CAE80D251F0E9D00E96229 /* lpcode.h */ = {isa = PBXFileReference; lastKnownFileType = sourcecode.c.h; path = lpcode.h; sourceTree = "<group>"; };
		53CAE80E251F0E9D00E96229 /* lpeg-128.gif */ = {isa = PBXFileReference; lastKnownFileType = image.gif; path = "lpeg-128.gif"; sourceTree = "<group>"; };
		53CAE80F251F0E9D00E96229 /* test.lua */ = {isa = PBXFileReference; lastKnownFileType = text; path = test.lua; sourceTree = "<group>"; };
		53CAE810251F0E9D00E96229 /* lpcap.h */ = {isa = PBXFileReference; lastKnownFileType = sourcecode.c.h; path = lpcap.h; sourceTree = "<group>"; };
		53CAE811251F0E9D00E96229 /* lpvm.h */ = {isa = PBXFileReference; lastKnownFileType = sourcecode.c.h; path = lpvm.h; sourceTree = "<group>"; };
		53CAE812251F0E9D00E96229 /* HISTORY */ = {isa = PBXFileReference; lastKnownFileType = text; path = HISTORY; sourceTree = "<group>"; };
		53CAE813251F0E9D00E96229 /* lpprint.h */ = {isa = PBXFileReference; lastKnownFileType = sourcecode.c.h; path = lpprint.h; sourceTree = "<group>"; };
		53CAE814251F0E9D00E96229 /* lptree.c */ = {isa = PBXFileReference; lastKnownFileType = sourcecode.c.c; path = lptree.c; sourceTree = "<group>"; };
		53CAE815251F0E9D00E96229 /* lpcode.c */ = {isa = PBXFileReference; lastKnownFileType = sourcecode.c.c; path = lpcode.c; sourceTree = "<group>"; };
/* End PBXFileReference section */

/* Begin PBXGroup section */
		53CAE7FE251F0E9D00E96229 = {
			isa = PBXGroup;
			children = (
				53CAE804251F0E9D00E96229 /* re.html */,
				53CAE805251F0E9D00E96229 /* lpprint.c */,
				53CAE806251F0E9D00E96229 /* lpeg.html */,
				53CAE807251F0E9D00E96229 /* lpvm.c */,
				53CAE808251F0E9D00E96229 /* lptypes.h */,
				53CAE809251F0E9D00E96229 /* lpcap.c */,
				53CAE80A251F0E9D00E96229 /* makefile */,
				53CAE80B251F0E9D00E96229 /* re.lua */,
				53CAE80C251F0E9D00E96229 /* lptree.h */,
				53CAE80D251F0E9D00E96229 /* lpcode.h */,
				53CAE80E251F0E9D00E96229 /* lpeg-128.gif */,
				53CAE80F251F0E9D00E96229 /* test.lua */,
				53CAE810251F0E9D00E96229 /* lpcap.h */,
				53CAE811251F0E9D00E96229 /* lpvm.h */,
				53CAE812251F0E9D00E96229 /* HISTORY */,
				53CAE813251F0E9D00E96229 /* lpprint.h */,
				53CAE814251F0E9D00E96229 /* lptree.c */,
				53CAE815251F0E9D00E96229 /* lpcode.c */,
			);
			sourceTree = "<group>";
		};
/* End PBXGroup section */

/* Begin PBXLegacyTarget section */
		53CAE803251F0E9D00E96229 /* lpeg */ = {
			isa = PBXLegacyTarget;
			buildArgumentsString = "$(ACTION)";
			buildConfigurationList = 53CAE816251F0E9D00E96229 /* Build configuration list for PBXLegacyTarget "lpeg" */;
			buildPhases = (
			);
			buildToolPath = /usr/bin/make;
			buildWorkingDirectory = /Users/jarjin/Desktop/tolua_runtime/lpeg;
			dependencies = (
			);
			name = lpeg;
			passBuildSettingsInEnvironment = 1;
			productName = lpeg;
		};
/* End PBXLegacyTarget section */

/* Begin PBXProject section */
		53CAE7FF251F0E9D00E96229 /* Project object */ = {
			isa = PBXProject;
			attributes = {
			};
			buildConfigurationList = 53CAE802251F0E9D00E96229 /* Build configuration list for PBXProject "lpeg" */;
			compatibilityVersion = "Xcode 9.3";
			developmentRegion = en;
			hasScannedForEncodings = 0;
			knownRegions = (
				en,
			);
			mainGroup = 53CAE7FE251F0E9D00E96229;
			projectDirPath = "";
			projectRoot = "";
			targets = (
				53CAE803251F0E9D00E96229 /* lpeg */,
			);
		};
/* End PBXProject section */

/* Begin XCBuildConfiguration section */
		53CAE800251F0E9D00E96229 /* Debug */ = {
			isa = XCBuildConfiguration;
			buildSettings = {
				ARCHS = "$(ARCHS_STANDARD_32_BIT)";
				COPY_PHASE_STRIP = NO;
				GCC_WARN_ABOUT_RETURN_TYPE = YES;
				GCC_WARN_UNUSED_VARIABLE = YES;
				ONLY_ACTIVE_ARCH = YES;
				SDKROOT = macosx10.6;
			};
			name = Debug;
		};
		53CAE801251F0E9D00E96229 /* Release */ = {
			isa = XCBuildConfiguration;
			buildSettings = {
				ARCHS = "$(ARCHS_STANDARD_32_BIT)";
				COPY_PHASE_STRIP = YES;
				GCC_WARN_ABOUT_RETURN_TYPE = YES;
				GCC_WARN_UNUSED_VARIABLE = YES;
				SDKROOT = macosx10.6;
			};
			name = Release;
		};
		53CAE817251F0E9D00E96229 /* Debug */ = {
			isa = XCBuildConfiguration;
			buildSettings = {
				COPY_PHASE_STRIP = NO;
				DEBUGGING_SYMBOLS = YES;
				GCC_DYNAMIC_NO_PIC = NO;
				GCC_ENABLE_FIX_AND_CONTINUE = YES;
				GCC_GENERATE_DEBUGGING_SYMBOLS = YES;
				GCC_OPTIMIZATION_LEVEL = 0;
				OTHER_CFLAGS = "";
				OTHER_LDFLAGS = "";
				PRODUCT_NAME = lpeg;
			};
			name = Debug;
		};
		53CAE818251F0E9D00E96229 /* Release */ = {
			isa = XCBuildConfiguration;
			buildSettings = {
				COPY_PHASE_STRIP = YES;
				DEBUG_INFORMATION_FORMAT = "dwarf-with-dsym";
				GCC_ENABLE_FIX_AND_CONTINUE = NO;
				OTHER_CFLAGS = "";
				OTHER_LDFLAGS = "";
				PRODUCT_NAME = lpeg;
			};
			name = Release;
		};
/* End XCBuildConfiguration section */

/* Begin XCConfigurationList section */
		53CAE802251F0E9D00E96229 /* Build configuration list for PBXProject "lpeg" */ = {
			isa = XCConfigurationList;
			buildConfigurations = (
				53CAE800251F0E9D00E96229 /* Debug */,
				53CAE801251F0E9D00E96229 /* Release */,
			);
			defaultConfigurationIsVisible = 0;
			defaultConfigurationName = Release;
		};
		53CAE816251F0E9D00E96229 /* Build configuration list for PBXLegacyTarget "lpeg" */ = {
			isa = XCConfigurationList;
			buildConfigurations = (
				53CAE817251F0E9D00E96229 /* Debug */,
				53CAE818251F0E9D00E96229 /* Release */,
			);
			defaultConfigurationIsVisible = 0;
			defaultConfigurationName = Release;
		};
/* End XCConfigurationList section */
	};
	rootObject = 53CAE7FF251F0E9D00E96229 /* Project object */;
}
